
Microsoft Visual Studio Solution File, Format Version 12.00
# Visual Studio Version 17
VisualStudioVersion = 17.6.33801.468
MinimumVisualStudioVersion = 10.0.40219.1
Project("{2150E333-8FDC-42A3-9474-1A3956D46DE8}") = "src", "src", "{6755D65C-DC6E-45C9-846F-BD698EBB0AD5}"
EndProject
Project("{2150E333-8FDC-42A3-9474-1A3956D46DE8}") = "Services", "Services", "{41439DA1-1026-4CD2-9BB5-FDC76B816680}"
EndProject
Project("{2150E333-8FDC-42A3-9474-1A3956D46DE8}") = "Product", "Product", "{85BFEC2E-3E70-4ECF-872E-50D337FB8FF5}"
EndProject
Project("{9A19103F-16F7-4668-BE54-9A1E7A4F7556}") = "ProductApp.Domain", "src\Services\Product\Product.Domain\ProductApp.Domain.csproj", "{46D19CE3-15D8-41C2-91DD-C3CB6948B197}"
EndProject
Project("{9A19103F-16F7-4668-BE54-9A1E7A4F7556}") = "ProductApp.Application", "src\Services\Product\Product.Application\ProductApp.Application.csproj", "{5A65034D-0F71-4CFB-A50C-CBE798701C30}"
EndProject
Project("{9A19103F-16F7-4668-BE54-9A1E7A4F7556}") = "ProductApp.Infrastructure", "src\Services\Product\Product.Infrastructure\ProductApp.Infrastructure.csproj", "{EC2F73D5-ED12-46E2-9A08-3C1E92E78183}"
EndProject
Project("{9A19103F-16F7-4668-BE54-9A1E7A4F7556}") = "ProductApp.Api", "src\Services\Product\Products.Api\ProductApp.Api.csproj", "{4496473A-19BF-4096-8434-59BB5F9FCAFA}"
EndProject
Project("{2150E333-8FDC-42A3-9474-1A3956D46DE8}") = "Identity", "Identity", "{E9B9A28B-805E-4B53-92F8-B6CC84D7E257}"
EndProject
Project("{9A19103F-16F7-4668-BE54-9A1E7A4F7556}") = "Identity.API", "src\Services\Identity\Identity.API\Identity.API.csproj", "{392BBEE5-EA4A-4D7D-B9DB-2FFE4662A9F9}"
EndProject
Project("{9A19103F-16F7-4668-BE54-9A1E7A4F7556}") = "Services.Common", "src\Services\Identity\Services.Common\Services.Common.csproj", "{CB689D87-789C-46EB-BD81-97D053E60826}"
EndProject
Project("{2150E333-8FDC-42A3-9474-1A3956D46DE8}") = "tests", "tests", "{A6C33FA1-FB2A-4644-94F3-69DED9B66F2C}"
EndProject
Project("{E53339B2-1760-4266-BCC7-CA923CBCF16C}") = "docker-compose", "docker-compose.dcproj", "{4B1A99A7-129D-4D8C-BEC3-C6DEB5C602F1}"
EndProject
Project("{9A19103F-16F7-4668-BE54-9A1E7A4F7556}") = "ProductApp.Domain.UnitTests", "tests\ProductApp.Domain.UnitTests\ProductApp.Domain.UnitTests.csproj", "{FAC06FF8-5A7D-4CDC-9DC1-AC9AAF3ACB42}"
EndProject
Project("{9A19103F-16F7-4668-BE54-9A1E7A4F7556}") = "ProductApp.Application.UnitTests", "tests\ProductApp.Application.UnitTests\ProductApp.Application.UnitTests.csproj", "{C35D5C21-49F7-4CB5-8C8F-88818A669D87}"
EndProject
Project("{9A19103F-16F7-4668-BE54-9A1E7A4F7556}") = "ProductApp.IntegrationTests", "tests\ProductApp.Application.IntegrationTests\ProductApp.IntegrationTests.csproj", "{701498CB-BD9F-42B8-9FD4-8F67D13BFD6B}"
EndProject
Global
	GlobalSection(SolutionConfigurationPlatforms) = preSolution
		Debug|Any CPU = Debug|Any CPU
		Release|Any CPU = Release|Any CPU
	EndGlobalSection
	GlobalSection(ProjectConfigurationPlatforms) = postSolution
		{46D19CE3-15D8-41C2-91DD-C3CB6948B197}.Debug|Any CPU.ActiveCfg = Debug|Any CPU
		{46D19CE3-15D8-41C2-91DD-C3CB6948B197}.Debug|Any CPU.Build.0 = Debug|Any CPU
		{46D19CE3-15D8-41C2-91DD-C3CB6948B197}.Release|Any CPU.ActiveCfg = Release|Any CPU
		{46D19CE3-15D8-41C2-91DD-C3CB6948B197}.Release|Any CPU.Build.0 = Release|Any CPU
		{5A65034D-0F71-4CFB-A50C-CBE798701C30}.Debug|Any CPU.ActiveCfg = Debug|Any CPU
		{5A65034D-0F71-4CFB-A50C-CBE798701C30}.Debug|Any CPU.Build.0 = Debug|Any CPU
		{5A65034D-0F71-4CFB-A50C-CBE798701C30}.Release|Any CPU.ActiveCfg = Release|Any CPU
		{5A65034D-0F71-4CFB-A50C-CBE798701C30}.Release|Any CPU.Build.0 = Release|Any CPU
		{EC2F73D5-ED12-46E2-9A08-3C1E92E78183}.Debug|Any CPU.ActiveCfg = Debug|Any CPU
		{EC2F73D5-ED12-46E2-9A08-3C1E92E78183}.Debug|Any CPU.Build.0 = Debug|Any CPU
		{EC2F73D5-ED12-46E2-9A08-3C1E92E78183}.Release|Any CPU.ActiveCfg = Release|Any CPU
		{EC2F73D5-ED12-46E2-9A08-3C1E92E78183}.Release|Any CPU.Build.0 = Release|Any CPU
		{4496473A-19BF-4096-8434-59BB5F9FCAFA}.Debug|Any CPU.ActiveCfg = Debug|Any CPU
		{4496473A-19BF-4096-8434-59BB5F9FCAFA}.Debug|Any CPU.Build.0 = Debug|Any CPU
		{4496473A-19BF-4096-8434-59BB5F9FCAFA}.Release|Any CPU.ActiveCfg = Release|Any CPU
		{4496473A-19BF-4096-8434-59BB5F9FCAFA}.Release|Any CPU.Build.0 = Release|Any CPU
		{392BBEE5-EA4A-4D7D-B9DB-2FFE4662A9F9}.Debug|Any CPU.ActiveCfg = Debug|Any CPU
		{392BBEE5-EA4A-4D7D-B9DB-2FFE4662A9F9}.Debug|Any CPU.Build.0 = Debug|Any CPU
		{392BBEE5-EA4A-4D7D-B9DB-2FFE4662A9F9}.Release|Any CPU.ActiveCfg = Release|Any CPU
		{392BBEE5-EA4A-4D7D-B9DB-2FFE4662A9F9}.Release|Any CPU.Build.0 = Release|Any CPU
		{CB689D87-789C-46EB-BD81-97D053E60826}.Debug|Any CPU.ActiveCfg = Debug|Any CPU
		{CB689D87-789C-46EB-BD81-97D053E60826}.Debug|Any CPU.Build.0 = Debug|Any CPU
		{CB689D87-789C-46EB-BD81-97D053E60826}.Release|Any CPU.ActiveCfg = Release|Any CPU
		{CB689D87-789C-46EB-BD81-97D053E60826}.Release|Any CPU.Build.0 = Release|Any CPU
		{4B1A99A7-129D-4D8C-BEC3-C6DEB5C602F1}.Debug|Any CPU.ActiveCfg = Debug|Any CPU
		{4B1A99A7-129D-4D8C-BEC3-C6DEB5C602F1}.Debug|Any CPU.Build.0 = Debug|Any CPU
		{4B1A99A7-129D-4D8C-BEC3-C6DEB5C602F1}.Release|Any CPU.ActiveCfg = Release|Any CPU
		{4B1A99A7-129D-4D8C-BEC3-C6DEB5C602F1}.Release|Any CPU.Build.0 = Release|Any CPU
		{FAC06FF8-5A7D-4CDC-9DC1-AC9AAF3ACB42}.Debug|Any CPU.ActiveCfg = Debug|Any CPU
		{FAC06FF8-5A7D-4CDC-9DC1-AC9AAF3ACB42}.Debug|Any CPU.Build.0 = Debug|Any CPU
		{FAC06FF8-5A7D-4CDC-9DC1-AC9AAF3ACB42}.Release|Any CPU.ActiveCfg = Release|Any CPU
		{FAC06FF8-5A7D-4CDC-9DC1-AC9AAF3ACB42}.Release|Any CPU.Build.0 = Release|Any CPU
		{C35D5C21-49F7-4CB5-8C8F-88818A669D87}.Debug|Any CPU.ActiveCfg = Debug|Any CPU
		{C35D5C21-49F7-4CB5-8C8F-88818A669D87}.Debug|Any CPU.Build.0 = Debug|Any CPU
		{C35D5C21-49F7-4CB5-8C8F-88818A669D87}.Release|Any CPU.ActiveCfg = Release|Any CPU
		{C35D5C21-49F7-4CB5-8C8F-88818A669D87}.Release|Any CPU.Build.0 = Release|Any CPU
		{701498CB-BD9F-42B8-9FD4-8F67D13BFD6B}.Debug|Any CPU.ActiveCfg = Debug|Any CPU
		{701498CB-BD9F-42B8-9FD4-8F67D13BFD6B}.Debug|Any CPU.Build.0 = Debug|Any CPU
		{701498CB-BD9F-42B8-9FD4-8F67D13BFD6B}.Release|Any CPU.ActiveCfg = Release|Any CPU
		{701498CB-BD9F-42B8-9FD4-8F67D13BFD6B}.Release|Any CPU.Build.0 = Release|Any CPU
	EndGlobalSection
	GlobalSection(SolutionProperties) = preSolution
		HideSolutionNode = FALSE
	EndGlobalSection
	GlobalSection(NestedProjects) = preSolution
		{41439DA1-1026-4CD2-9BB5-FDC76B816680} = {6755D65C-DC6E-45C9-846F-BD698EBB0AD5}
		{85BFEC2E-3E70-4ECF-872E-50D337FB8FF5} = {41439DA1-1026-4CD2-9BB5-FDC76B816680}
		{46D19CE3-15D8-41C2-91DD-C3CB6948B197} = {85BFEC2E-3E70-4ECF-872E-50D337FB8FF5}
		{5A65034D-0F71-4CFB-A50C-CBE798701C30} = {85BFEC2E-3E70-4ECF-872E-50D337FB8FF5}
		{EC2F73D5-ED12-46E2-9A08-3C1E92E78183} = {85BFEC2E-3E70-4ECF-872E-50D337FB8FF5}
		{4496473A-19BF-4096-8434-59BB5F9FCAFA} = {85BFEC2E-3E70-4ECF-872E-50D337FB8FF5}
		{E9B9A28B-805E-4B53-92F8-B6CC84D7E257} = {41439DA1-1026-4CD2-9BB5-FDC76B816680}
		{392BBEE5-EA4A-4D7D-B9DB-2FFE4662A9F9} = {E9B9A28B-805E-4B53-92F8-B6CC84D7E257}
		{CB689D87-789C-46EB-BD81-97D053E60826} = {E9B9A28B-805E-4B53-92F8-B6CC84D7E257}
		{FAC06FF8-5A7D-4CDC-9DC1-AC9AAF3ACB42} = {A6C33FA1-FB2A-4644-94F3-69DED9B66F2C}
		{C35D5C21-49F7-4CB5-8C8F-88818A669D87} = {A6C33FA1-FB2A-4644-94F3-69DED9B66F2C}
		{701498CB-BD9F-42B8-9FD4-8F67D13BFD6B} = {A6C33FA1-FB2A-4644-94F3-69DED9B66F2C}
	EndGlobalSection
	GlobalSection(ExtensibilityGlobals) = postSolution
		SolutionGuid = {9F959743-E32C-474E-B953-0C0370F22D9F}
	EndGlobalSection
EndGlobal
